
Microsoft Visual Studio Solution File, Format Version 12.00
# Visual Studio Version 16
VisualStudioVersion = 16.0.31129.286
MinimumVisualStudioVersion = 10.0.40219.1
Project("{FAE04EC0-301F-11D3-BF4B-00C04F79EFBC}") = "Joyeria.API", "Joyeria.API\Joyeria.API.csproj", "{66D50B82-6B62-4D5C-A868-9302E757680F}"
EndProject
Global
	GlobalSection(SolutionConfigurationPlatforms) = preSolution
		Debug|Any CPU = Debug|Any CPU
		Release|Any CPU = Release|Any CPU
	EndGlobalSection
	GlobalSection(ProjectConfigurationPlatforms) = postSolution
		{66D50B82-6B62-4D5C-A868-9302E757680F}.Debug|Any CPU.ActiveCfg = Debug|Any CPU
		{66D50B82-6B62-4D5C-A868-9302E757680F}.Debug|Any CPU.Build.0 = Debug|Any CPU
		{66D50B82-6B62-4D5C-A868-9302E757680F}.Release|Any CPU.ActiveCfg = Release|Any CPU
		{66D50B82-6B62-4D5C-A868-9302E757680F}.Release|Any CPU.Build.0 = Release|Any CPU
	EndGlobalSection
	GlobalSection(SolutionProperties) = preSolution
		HideSolutionNode = FALSE
	EndGlobalSection
	GlobalSection(ExtensibilityGlobals) = postSolution
		SolutionGuid = {0078D60B-C73C-4652-ACCC-7D7109D68B11}
	EndGlobalSection
EndGlobal
